{
  "name": "rust_errors",
  "lockfileVersion": 2,
  "requires": true,
  "packages": {
    "": {
      "devDependencies": {
        "inputDir": "./slides",
        "output": "./public"
      }
    },
    "node_modules/inputDir": {
      "resolved": "slides",
      "link": true
    },
    "node_modules/output": {
      "resolved": "public",
      "link": true
    },
    "public": {
      "dev": true
    },
    "slides": {
      "dev": true
    }
  },
  "dependencies": {
    "inputDir": {
      "version": "file:slides"
    },
    "output": {
      "version": "file:public"
    }
  }
}
